
Microsoft Visual Studio Solution File, Format Version 12.00
# Visual Studio Version 17
VisualStudioVersion = 17.2.32505.173
MinimumVisualStudioVersion = 10.0.40219.1
Project("{FAE04EC0-301F-11D3-BF4B-00C04F79EFBC}") = "OnlinePlatforms_EX_StasIvan", "OnlinePlatforms_EX_StasIvan.csproj", "{44B6130E-767D-47D7-A183-3891E2445FB7}"
EndProject
Global
	GlobalSection(SolutionConfigurationPlatforms) = preSolution
		Debug|Any CPU = Debug|Any CPU
		Release|Any CPU = Release|Any CPU
	EndGlobalSection
	GlobalSection(ProjectConfigurationPlatforms) = postSolution
		{44B6130E-767D-47D7-A183-3891E2445FB7}.Debug|Any CPU.ActiveCfg = Debug|Any CPU
		{44B6130E-767D-47D7-A183-3891E2445FB7}.Debug|Any CPU.Build.0 = Debug|Any CPU
		{44B6130E-767D-47D7-A183-3891E2445FB7}.Release|Any CPU.ActiveCfg = Release|Any CPU
		{44B6130E-767D-47D7-A183-3891E2445FB7}.Release|Any CPU.Build.0 = Release|Any CPU
	EndGlobalSection
	GlobalSection(SolutionProperties) = preSolution
		HideSolutionNode = FALSE
	EndGlobalSection
	GlobalSection(ExtensibilityGlobals) = postSolution
		SolutionGuid = {805096C6-25E7-4D73-A4C7-6F5D3E4FC10F}
	EndGlobalSection
EndGlobal
